
Microsoft Visual Studio Solution File, Format Version 12.00
# Visual Studio Version 16
VisualStudioVersion = 16.0.31313.79
MinimumVisualStudioVersion = 10.0.40219.1
Project("{9A19103F-16F7-4668-BE54-9A1E7A4F7556}") = "MarcusAntoniusTelegramBot.Webhost", "MarcusAntoniusTelegramBot\MarcusAntoniusTelegramBot.Webhost.csproj", "{F458B26B-205B-4F8D-8238-7233E79A9F96}"
EndProject
Project("{9A19103F-16F7-4668-BE54-9A1E7A4F7556}") = "MarcusAntoniusTelegramBot.Core", "MarcusAntoniusTelegramBot.Core\MarcusAntoniusTelegramBot.Core.csproj", "{209F298D-0EF8-47BE-877E-881D654D7FED}"
EndProject
Global
	GlobalSection(SolutionConfigurationPlatforms) = preSolution
		Debug|Any CPU = Debug|Any CPU
		Release|Any CPU = Release|Any CPU
	EndGlobalSection
	GlobalSection(ProjectConfigurationPlatforms) = postSolution
		{F458B26B-205B-4F8D-8238-7233E79A9F96}.Debug|Any CPU.ActiveCfg = Debug|Any CPU
		{F458B26B-205B-4F8D-8238-7233E79A9F96}.Debug|Any CPU.Build.0 = Debug|Any CPU
		{F458B26B-205B-4F8D-8238-7233E79A9F96}.Release|Any CPU.ActiveCfg = Release|Any CPU
		{F458B26B-205B-4F8D-8238-7233E79A9F96}.Release|Any CPU.Build.0 = Release|Any CPU
		{209F298D-0EF8-47BE-877E-881D654D7FED}.Debug|Any CPU.ActiveCfg = Debug|Any CPU
		{209F298D-0EF8-47BE-877E-881D654D7FED}.Debug|Any CPU.Build.0 = Debug|Any CPU
		{209F298D-0EF8-47BE-877E-881D654D7FED}.Release|Any CPU.ActiveCfg = Release|Any CPU
		{209F298D-0EF8-47BE-877E-881D654D7FED}.Release|Any CPU.Build.0 = Release|Any CPU
	EndGlobalSection
	GlobalSection(SolutionProperties) = preSolution
		HideSolutionNode = FALSE
	EndGlobalSection
	GlobalSection(ExtensibilityGlobals) = postSolution
		SolutionGuid = {1A2F624E-C6B7-41A2-A5C9-739D409A059C}
	EndGlobalSection
EndGlobal
